dependencies:
- name: go-scraper
  repository: file://./charts/go-scraper
  version: 1.0.0
- name: admin
  repository: file://./charts/admin
  version: 1.0.0
- name: server
  repository: file://./charts/server
  version: 2.1.1
- name: web
  repository: file://./charts/web
  version: 1.0.0
- name: redis
  repository: file://./charts/redis
  version: 0.18.0
digest: sha256:a12c763ae635410f537e2d261ed3737b585f8f72937bc38ddb69b79d8b528264
generated: "2026-01-04T13:39:03.235485+09:00"
