dependencies:
- name: go-scraper
  repository: file://./charts/go-scraper
  version: 1.0.0
- name: server
  repository: file://./charts/server
  version: 2.1.1
- name: web
  repository: file://./charts/web
  version: 1.0.0
- name: redis
  repository: file://./charts/redis
  version: 0.18.0
- name: rabbitmq
  repository: file://./charts/rabbitmq
  version: 15.5.3
digest: sha256:14f91436612e24386972aba6dbaa29e00149b0463c2abc84ee8b3d74bf6cd006
generated: "2025-12-29T21:04:10.271831+09:00"
