dependencies:
- name: server
  repository: file://./charts/server
  version: 1.0.0
- name: admin
  repository: file://./charts/admin
  version: 1.0.0
- name: redis
  repository: file://./charts/redis
  version: 24.0.0
- name: web
  repository: file://./charts/web
  version: 1.0.0
digest: sha256:36f0b11a9329549c87c6b12f8615b8e7832fec40507eca8690d61512ac702445
generated: "2025-12-16T06:30:49.518346159Z"
