dependencies:
- name: server
  repository: file://./charts/server
  version: 1.0.0
- name: admin
  repository: file://./charts/admin
  version: 1.0.0
- name: redis
  repository: file://./charts/redis
  version: 24.0.0
digest: sha256:0d3dc2cc79188e0e744e058a7951d2b0ad17609adbac1dc95553c622f5dc9b6e
generated: "2025-12-16T02:31:47.115542+09:00"
