dependencies:
- name: server
  repository: file://./charts/server
  version: 1.0.0
- name: database
  repository: file://./charts/database
  version: 1.0.0
- name: admin
  repository: file://./charts/admin
  version: 1.0.0
- name: redis
  repository: file://./charts/redis
  version: 20.6.0
digest: sha256:546551443aaafce2a51c05590ca7c5c0d21bd15b98724efe067c328c1c4c6303
generated: "2025-12-02T06:25:25.912970347Z"
